
Microsoft Visual Studio Solution File, Format Version 12.00
# Visual Studio Version 17
VisualStudioVersion = 17.5.002.0
MinimumVisualStudioVersion = 10.0.40219.1
Project("{9A19103F-16F7-4668-BE54-9A1E7A4F7556}") = "FormulaPadeiro", "FormulaPadeiro.csproj", "{2600351A-F0DF-44AE-BEEC-52D0CD3199D1}"
EndProject
Global
	GlobalSection(SolutionConfigurationPlatforms) = preSolution
		Debug|Any CPU = Debug|Any CPU
		Release|Any CPU = Release|Any CPU
	EndGlobalSection
	GlobalSection(ProjectConfigurationPlatforms) = postSolution
		{2600351A-F0DF-44AE-BEEC-52D0CD3199D1}.Debug|Any CPU.ActiveCfg = Debug|Any CPU
		{2600351A-F0DF-44AE-BEEC-52D0CD3199D1}.Debug|Any CPU.Build.0 = Debug|Any CPU
		{2600351A-F0DF-44AE-BEEC-52D0CD3199D1}.Release|Any CPU.ActiveCfg = Release|Any CPU
		{2600351A-F0DF-44AE-BEEC-52D0CD3199D1}.Release|Any CPU.Build.0 = Release|Any CPU
	EndGlobalSection
	GlobalSection(SolutionProperties) = preSolution
		HideSolutionNode = FALSE
	EndGlobalSection
	GlobalSection(ExtensibilityGlobals) = postSolution
		SolutionGuid = {DA79F999-CA20-4CB9-B563-561772F5FF3B}
	EndGlobalSection
EndGlobal
